
Microsoft Visual Studio Solution File, Format Version 12.00
# Visual Studio Version 17
VisualStudioVersion = 17.9.34714.143
MinimumVisualStudioVersion = 10.0.40219.1
Project("{8BC9CEB8-8B4A-11D0-8D11-00A0C91BC942}") = "EngineBase", "EngineBase\EngineBase.vcxproj", "{50D309AB-DB83-43DA-8B34-18D10A3DB3E3}"
EndProject
Project("{2150E333-8FDC-42A3-9474-1A3956D46DE8}") = "Level0", "Level0", "{3A54FB5A-85BC-4DFC-BF05-7BDA9DF62182}"
EndProject
Project("{2150E333-8FDC-42A3-9474-1A3956D46DE8}") = "Level1", "Level1", "{BCA9DA67-3027-473F-90FE-BD0092006425}"
EndProject
Project("{2150E333-8FDC-42A3-9474-1A3956D46DE8}") = "Level2", "Level2", "{1468AA9C-89D6-4F12-831A-92EAED9FFC27}"
EndProject
Project("{8BC9CEB8-8B4A-11D0-8D11-00A0C91BC942}") = "EnginePlatform", "EnginePlatform\EnginePlatform.vcxproj", "{00F34D52-3F14-4664-9401-6C98BDC0D997}"
	ProjectSection(ProjectDependencies) = postProject
		{50D309AB-DB83-43DA-8B34-18D10A3DB3E3} = {50D309AB-DB83-43DA-8B34-18D10A3DB3E3}
	EndProjectSection
EndProject
Project("{8BC9CEB8-8B4A-11D0-8D11-00A0C91BC942}") = "EngineCore", "EngineCore\EngineCore.vcxproj", "{D2C00187-B5AB-4325-8B6C-B743DB88516B}"
	ProjectSection(ProjectDependencies) = postProject
		{00F34D52-3F14-4664-9401-6C98BDC0D997} = {00F34D52-3F14-4664-9401-6C98BDC0D997}
		{50D309AB-DB83-43DA-8B34-18D10A3DB3E3} = {50D309AB-DB83-43DA-8B34-18D10A3DB3E3}
	EndProjectSection
EndProject
Project("{2150E333-8FDC-42A3-9474-1A3956D46DE8}") = "Level3", "Level3", "{14B7127A-8489-480A-9CA0-D3B81AE6B123}"
EndProject
Project("{2150E333-8FDC-42A3-9474-1A3956D46DE8}") = "Level4", "Level4", "{78E677D7-4863-4DD4-951D-81B25E0EC3B5}"
EndProject
Project("{8BC9CEB8-8B4A-11D0-8D11-00A0C91BC942}") = "App", "App\App.vcxproj", "{9F392FB4-EBC9-4812-8B18-E30C22380CDC}"
	ProjectSection(ProjectDependencies) = postProject
		{00F34D52-3F14-4664-9401-6C98BDC0D997} = {00F34D52-3F14-4664-9401-6C98BDC0D997}
		{459EB68F-D6B5-40C8-B3D1-6763C941C9E9} = {459EB68F-D6B5-40C8-B3D1-6763C941C9E9}
		{50D309AB-DB83-43DA-8B34-18D10A3DB3E3} = {50D309AB-DB83-43DA-8B34-18D10A3DB3E3}
		{D2C00187-B5AB-4325-8B6C-B743DB88516B} = {D2C00187-B5AB-4325-8B6C-B743DB88516B}
	EndProjectSection
EndProject
Project("{8BC9CEB8-8B4A-11D0-8D11-00A0C91BC942}") = "Contents", "Contents\Contents.vcxproj", "{459EB68F-D6B5-40C8-B3D1-6763C941C9E9}"
	ProjectSection(ProjectDependencies) = postProject
		{00F34D52-3F14-4664-9401-6C98BDC0D997} = {00F34D52-3F14-4664-9401-6C98BDC0D997}
		{50D309AB-DB83-43DA-8B34-18D10A3DB3E3} = {50D309AB-DB83-43DA-8B34-18D10A3DB3E3}
		{D2C00187-B5AB-4325-8B6C-B743DB88516B} = {D2C00187-B5AB-4325-8B6C-B743DB88516B}
	EndProjectSection
EndProject
Project("{8BC9CEB8-8B4A-11D0-8D11-00A0C91BC942}") = "EngineShader", "EngineShader\EngineShader.vcxproj", "{79CECDBF-8A5D-4849-B5CF-EEF2CAD7099F}"
EndProject
Project("{8BC9CEB8-8B4A-11D0-8D11-00A0C91BC942}") = "ContentsShader", "ContentsShader\ContentsShader.vcxproj", "{45E7B2D7-B040-4FFF-889B-6D0C691DBAF0}"
EndProject
Global
	GlobalSection(SolutionConfigurationPlatforms) = preSolution
		Debug|x64 = Debug|x64
		Debug|x86 = Debug|x86
		Release|x64 = Release|x64
		Release|x86 = Release|x86
	EndGlobalSection
	GlobalSection(ProjectConfigurationPlatforms) = postSolution
		{50D309AB-DB83-43DA-8B34-18D10A3DB3E3}.Debug|x64.ActiveCfg = Debug|x64
		{50D309AB-DB83-43DA-8B34-18D10A3DB3E3}.Debug|x64.Build.0 = Debug|x64
		{50D309AB-DB83-43DA-8B34-18D10A3DB3E3}.Debug|x86.ActiveCfg = Debug|Win32
		{50D309AB-DB83-43DA-8B34-18D10A3DB3E3}.Debug|x86.Build.0 = Debug|Win32
		{50D309AB-DB83-43DA-8B34-18D10A3DB3E3}.Release|x64.ActiveCfg = Release|x64
		{50D309AB-DB83-43DA-8B34-18D10A3DB3E3}.Release|x64.Build.0 = Release|x64
		{50D309AB-DB83-43DA-8B34-18D10A3DB3E3}.Release|x86.ActiveCfg = Release|Win32
		{50D309AB-DB83-43DA-8B34-18D10A3DB3E3}.Release|x86.Build.0 = Release|Win32
		{00F34D52-3F14-4664-9401-6C98BDC0D997}.Debug|x64.ActiveCfg = Debug|x64
		{00F34D52-3F14-4664-9401-6C98BDC0D997}.Debug|x64.Build.0 = Debug|x64
		{00F34D52-3F14-4664-9401-6C98BDC0D997}.Debug|x86.ActiveCfg = Debug|Win32
		{00F34D52-3F14-4664-9401-6C98BDC0D997}.Debug|x86.Build.0 = Debug|Win32
		{00F34D52-3F14-4664-9401-6C98BDC0D997}.Release|x64.ActiveCfg = Release|x64
		{00F34D52-3F14-4664-9401-6C98BDC0D997}.Release|x64.Build.0 = Release|x64
		{00F34D52-3F14-4664-9401-6C98BDC0D997}.Release|x86.ActiveCfg = Release|Win32
		{00F34D52-3F14-4664-9401-6C98BDC0D997}.Release|x86.Build.0 = Release|Win32
		{D2C00187-B5AB-4325-8B6C-B743DB88516B}.Debug|x64.ActiveCfg = Debug|x64
		{D2C00187-B5AB-4325-8B6C-B743DB88516B}.Debug|x64.Build.0 = Debug|x64
		{D2C00187-B5AB-4325-8B6C-B743DB88516B}.Debug|x86.ActiveCfg = Debug|Win32
		{D2C00187-B5AB-4325-8B6C-B743DB88516B}.Debug|x86.Build.0 = Debug|Win32
		{D2C00187-B5AB-4325-8B6C-B743DB88516B}.Release|x64.ActiveCfg = Release|x64
		{D2C00187-B5AB-4325-8B6C-B743DB88516B}.Release|x64.Build.0 = Release|x64
		{D2C00187-B5AB-4325-8B6C-B743DB88516B}.Release|x86.ActiveCfg = Release|Win32
		{D2C00187-B5AB-4325-8B6C-B743DB88516B}.Release|x86.Build.0 = Release|Win32
		{9F392FB4-EBC9-4812-8B18-E30C22380CDC}.Debug|x64.ActiveCfg = Debug|x64
		{9F392FB4-EBC9-4812-8B18-E30C22380CDC}.Debug|x64.Build.0 = Debug|x64
		{9F392FB4-EBC9-4812-8B18-E30C22380CDC}.Debug|x86.ActiveCfg = Debug|Win32
		{9F392FB4-EBC9-4812-8B18-E30C22380CDC}.Debug|x86.Build.0 = Debug|Win32
		{9F392FB4-EBC9-4812-8B18-E30C22380CDC}.Release|x64.ActiveCfg = Release|x64
		{9F392FB4-EBC9-4812-8B18-E30C22380CDC}.Release|x64.Build.0 = Release|x64
		{9F392FB4-EBC9-4812-8B18-E30C22380CDC}.Release|x86.ActiveCfg = Release|Win32
		{9F392FB4-EBC9-4812-8B18-E30C22380CDC}.Release|x86.Build.0 = Release|Win32
		{459EB68F-D6B5-40C8-B3D1-6763C941C9E9}.Debug|x64.ActiveCfg = Debug|x64
		{459EB68F-D6B5-40C8-B3D1-6763C941C9E9}.Debug|x64.Build.0 = Debug|x64
		{459EB68F-D6B5-40C8-B3D1-6763C941C9E9}.Debug|x86.ActiveCfg = Debug|Win32
		{459EB68F-D6B5-40C8-B3D1-6763C941C9E9}.Debug|x86.Build.0 = Debug|Win32
		{459EB68F-D6B5-40C8-B3D1-6763C941C9E9}.Release|x64.ActiveCfg = Release|x64
		{459EB68F-D6B5-40C8-B3D1-6763C941C9E9}.Release|x64.Build.0 = Release|x64
		{459EB68F-D6B5-40C8-B3D1-6763C941C9E9}.Release|x86.ActiveCfg = Release|Win32
		{459EB68F-D6B5-40C8-B3D1-6763C941C9E9}.Release|x86.Build.0 = Release|Win32
		{79CECDBF-8A5D-4849-B5CF-EEF2CAD7099F}.Debug|x64.ActiveCfg = Debug|x64
		{79CECDBF-8A5D-4849-B5CF-EEF2CAD7099F}.Debug|x64.Build.0 = Debug|x64
		{79CECDBF-8A5D-4849-B5CF-EEF2CAD7099F}.Debug|x86.ActiveCfg = Debug|Win32
		{79CECDBF-8A5D-4849-B5CF-EEF2CAD7099F}.Debug|x86.Build.0 = Debug|Win32
		{79CECDBF-8A5D-4849-B5CF-EEF2CAD7099F}.Release|x64.ActiveCfg = Release|x64
		{79CECDBF-8A5D-4849-B5CF-EEF2CAD7099F}.Release|x64.Build.0 = Release|x64
		{79CECDBF-8A5D-4849-B5CF-EEF2CAD7099F}.Release|x86.ActiveCfg = Release|Win32
		{79CECDBF-8A5D-4849-B5CF-EEF2CAD7099F}.Release|x86.Build.0 = Release|Win32
		{45E7B2D7-B040-4FFF-889B-6D0C691DBAF0}.Debug|x64.ActiveCfg = Debug|x64
		{45E7B2D7-B040-4FFF-889B-6D0C691DBAF0}.Debug|x64.Build.0 = Debug|x64
		{45E7B2D7-B040-4FFF-889B-6D0C691DBAF0}.Debug|x86.ActiveCfg = Debug|Win32
		{45E7B2D7-B040-4FFF-889B-6D0C691DBAF0}.Debug|x86.Build.0 = Debug|Win32
		{45E7B2D7-B040-4FFF-889B-6D0C691DBAF0}.Release|x64.ActiveCfg = Release|x64
		{45E7B2D7-B040-4FFF-889B-6D0C691DBAF0}.Release|x64.Build.0 = Release|x64
		{45E7B2D7-B040-4FFF-889B-6D0C691DBAF0}.Release|x86.ActiveCfg = Release|Win32
		{45E7B2D7-B040-4FFF-889B-6D0C691DBAF0}.Release|x86.Build.0 = Release|Win32
	EndGlobalSection
	GlobalSection(SolutionProperties) = preSolution
		HideSolutionNode = FALSE
	EndGlobalSection
	GlobalSection(NestedProjects) = preSolution
		{50D309AB-DB83-43DA-8B34-18D10A3DB3E3} = {3A54FB5A-85BC-4DFC-BF05-7BDA9DF62182}
		{00F34D52-3F14-4664-9401-6C98BDC0D997} = {BCA9DA67-3027-473F-90FE-BD0092006425}
		{D2C00187-B5AB-4325-8B6C-B743DB88516B} = {1468AA9C-89D6-4F12-831A-92EAED9FFC27}
		{9F392FB4-EBC9-4812-8B18-E30C22380CDC} = {78E677D7-4863-4DD4-951D-81B25E0EC3B5}
		{459EB68F-D6B5-40C8-B3D1-6763C941C9E9} = {14B7127A-8489-480A-9CA0-D3B81AE6B123}
		{79CECDBF-8A5D-4849-B5CF-EEF2CAD7099F} = {1468AA9C-89D6-4F12-831A-92EAED9FFC27}
		{45E7B2D7-B040-4FFF-889B-6D0C691DBAF0} = {14B7127A-8489-480A-9CA0-D3B81AE6B123}
	EndGlobalSection
	GlobalSection(ExtensibilityGlobals) = postSolution
		SolutionGuid = {FF414A37-21AA-4946-B694-C8A4B6AE15CC}
	EndGlobalSection
EndGlobal
