<?xml version="1.0" encoding="utf-8"?>
<Project ToolsVersion="4.0" xmlns="http://schemas.microsoft.com/developer/msbuild/2003">
  <ItemGroup>
    <Filter Include="Core">
      <UniqueIdentifier>{80916500-a308-4927-a8f9-da389cec31d8}</UniqueIdentifier>
    </Filter>
    <Filter Include="Object">
      <UniqueIdentifier>{5d4c89bd-d5c0-4dd4-960d-a92e748fd2cc}</UniqueIdentifier>
    </Filter>
    <Filter Include="Device">
      <UniqueIdentifier>{6e1e2f25-4dcb-4955-9d6e-83b732c7d185}</UniqueIdentifier>
    </Filter>
    <Filter Include="PreCompile">
      <UniqueIdentifier>{0bac4415-a810-4e62-a6a5-5b635668cbb3}</UniqueIdentifier>
    </Filter>
    <Filter Include="Resources">
      <UniqueIdentifier>{e2d59264-0a76-49d1-8df0-d75fb57c6e2c}</UniqueIdentifier>
    </Filter>
    <Filter Include="Resources\Texture">
      <UniqueIdentifier>{1df52037-579f-409e-8f81-b04c47784e87}</UniqueIdentifier>
    </Filter>
    <Filter Include="Object\Actor">
      <UniqueIdentifier>{f7bc3716-31fc-4aa3-805c-d080144eb2b4}</UniqueIdentifier>
    </Filter>
    <Filter Include="Object\Actor\GameMode">
      <UniqueIdentifier>{40ed5a95-326c-43da-9703-d04ba449bb4d}</UniqueIdentifier>
    </Filter>
    <Filter Include="Object\Component">
      <UniqueIdentifier>{c30e81b1-1eb2-4e6f-9c1b-9eb74437733c}</UniqueIdentifier>
    </Filter>
    <Filter Include="Object\Rendering">
      <UniqueIdentifier>{91725bf8-d76e-4393-87de-51e50cb7bb4a}</UniqueIdentifier>
    </Filter>
    <Filter Include="Object\EngineContent">
      <UniqueIdentifier>{75d29177-38d5-446d-8485-18d2e6fd2677}</UniqueIdentifier>
    </Filter>
    <Filter Include="Resources\Mesh">
      <UniqueIdentifier>{0b3c968c-a9e0-4803-91e1-33b1d7bbc872}</UniqueIdentifier>
    </Filter>
    <Filter Include="Resources\RenderingSetting">
      <UniqueIdentifier>{a7807e48-8549-4251-bb43-4e6ae5a52e60}</UniqueIdentifier>
    </Filter>
    <Filter Include="Resources\Shader">
      <UniqueIdentifier>{0445cad8-3a53-452a-b2f8-95a56c71c135}</UniqueIdentifier>
    </Filter>
    <Filter Include="Resources\ShaderResources">
      <UniqueIdentifier>{8bfaa9ba-44e6-4e96-af52-71fac65a2d07}</UniqueIdentifier>
    </Filter>
    <Filter Include="ThirdParty">
      <UniqueIdentifier>{c0d92ce9-9c16-4cce-9982-a3deab29ad57}</UniqueIdentifier>
    </Filter>
    <Filter Include="ThirdParty\DirectXTex">
      <UniqueIdentifier>{c78e6cfa-5806-42b6-8bbc-1ea3d673d2e2}</UniqueIdentifier>
    </Filter>
    <Filter Include="ThirdParty\DirectXTex\Debug">
      <UniqueIdentifier>{4255e414-48aa-483f-9053-8fab6c2f7c06}</UniqueIdentifier>
    </Filter>
    <Filter Include="ThirdParty\DirectXTex\Inc">
      <UniqueIdentifier>{fa0f8488-fdf4-40c3-ba65-a0840e963c0c}</UniqueIdentifier>
    </Filter>
    <Filter Include="ThirdParty\DirectXTex\Release">
      <UniqueIdentifier>{ff5c36c7-34f1-411c-a640-ed5b50692a21}</UniqueIdentifier>
    </Filter>
    <Filter Include="Contents">
      <UniqueIdentifier>{151fc8e6-efaf-43d1-8ee7-9eea94d80336}</UniqueIdentifier>
    </Filter>
    <Filter Include="Editor">
      <UniqueIdentifier>{0c482c0c-6d93-4d7b-8bfd-a7759c6579bf}</UniqueIdentifier>
    </Filter>
    <Filter Include="Editor\Contents">
      <UniqueIdentifier>{571d48b1-41db-403b-bcf9-5ce668da4352}</UniqueIdentifier>
    </Filter>
    <Filter Include="Editor\Imgui">
      <UniqueIdentifier>{92fcee13-0ff4-42f4-9c0a-4ac01b375653}</UniqueIdentifier>
    </Filter>
    <Filter Include="Object\Component\Rendering">
      <UniqueIdentifier>{8941439c-be3f-42d0-9b50-5d8323f31928}</UniqueIdentifier>
    </Filter>
    <Filter Include="Object\Component\Collision">
      <UniqueIdentifier>{23cd3515-6e32-42b2-86c1-d76b6ba6b7f9}</UniqueIdentifier>
    </Filter>
    <Filter Include="Debug">
      <UniqueIdentifier>{764bb197-d3d2-45ad-ab01-265a9a38cd67}</UniqueIdentifier>
    </Filter>
    <Filter Include="Object\Component\Rendering\Contents">
      <UniqueIdentifier>{d5a14bcc-ffe0-430c-b2df-4b286add66b8}</UniqueIdentifier>
    </Filter>
    <Filter Include="Object\UI">
      <UniqueIdentifier>{8fa83dbf-9c0f-482a-b964-5ec62212be42}</UniqueIdentifier>
    </Filter>
    <Filter Include="Object\UI\Contents">
      <UniqueIdentifier>{05f87811-1186-4292-9e10-f27131b668c9}</UniqueIdentifier>
    </Filter>
    <Filter Include="Object\Rendering\Contents">
      <UniqueIdentifier>{1fab279d-05aa-4d17-98eb-add369a1d284}</UniqueIdentifier>
    </Filter>
    <Filter Include="ThirdParty\FW1FontWrapper">
      <UniqueIdentifier>{ab9e6ef5-640c-4201-b8a1-93fd7f20659e}</UniqueIdentifier>
    </Filter>
    <Filter Include="ThirdParty\FW1FontWrapper\Inc">
      <UniqueIdentifier>{d8adfb83-e05c-439c-9f3d-0ccb7e880611}</UniqueIdentifier>
    </Filter>
    <Filter Include="ThirdParty\FW1FontWrapper\Release">
      <UniqueIdentifier>{9d92e83a-b71a-4ace-a889-58beed473cf9}</UniqueIdentifier>
    </Filter>
    <Filter Include="Resources\Font">
      <UniqueIdentifier>{47a32613-a8fd-4635-b736-b0c76689605f}</UniqueIdentifier>
    </Filter>
  </ItemGroup>
  <ItemGroup>
    <ClCompile Include="EngineCore.cpp">
      <Filter>Core</Filter>
    </ClCompile>
    <ClCompile Include="EngineOption.cpp">
      <Filter>Core</Filter>
    </ClCompile>
    <ClCompile Include="EngineGraphicDevice.cpp">
      <Filter>Device</Filter>
    </ClCompile>
    <ClCompile Include="PreCompile.cpp">
      <Filter>PreCompile</Filter>
    </ClCompile>
    <ClCompile Include="EngineRenderTarget.cpp">
      <Filter>Resources\Texture</Filter>
    </ClCompile>
    <ClCompile Include="EngineTexture.cpp">
      <Filter>Resources\Texture</Filter>
    </ClCompile>
    <ClCompile Include="GameMode.cpp">
      <Filter>Object\Actor\GameMode</Filter>
    </ClCompile>
    <ClCompile Include="Actor.cpp">
      <Filter>Object\Actor</Filter>
    </ClCompile>
    <ClCompile Include="ActorComponent.cpp">
      <Filter>Object\Component</Filter>
    </ClCompile>
    <ClCompile Include="SceneComponent.cpp">
      <Filter>Object\Component</Filter>
    </ClCompile>
    <ClCompile Include="Level.cpp">
      <Filter>Object</Filter>
    </ClCompile>
    <ClCompile Include="TickObject.cpp">
      <Filter>Object</Filter>
    </ClCompile>
    <ClCompile Include="Camera.cpp">
      <Filter>Object\Rendering</Filter>
    </ClCompile>
    <ClCompile Include="WorldObject.cpp">
      <Filter>Object</Filter>
    </ClCompile>
    <ClCompile Include="DefaultSceneComponent.cpp">
      <Filter>Object\EngineContent</Filter>
    </ClCompile>
    <ClCompile Include="EngineGraphicDevice_Resources.cpp">
      <Filter>Device</Filter>
    </ClCompile>
    <ClCompile Include="EngineBuffer.cpp">
      <Filter>Resources\Mesh</Filter>
    </ClCompile>
    <ClCompile Include="EngineIndexBuffer.cpp">
      <Filter>Resources\Mesh</Filter>
    </ClCompile>
    <ClCompile Include="EngineMesh.cpp">
      <Filter>Resources\Mesh</Filter>
    </ClCompile>
    <ClCompile Include="EngineVertexBuffer.cpp">
      <Filter>Resources\Mesh</Filter>
    </ClCompile>
    <ClCompile Include="EngineMaterial.cpp">
      <Filter>Resources\RenderingSetting</Filter>
    </ClCompile>
    <ClCompile Include="EngineRasterizer.cpp">
      <Filter>Resources\RenderingSetting</Filter>
    </ClCompile>
    <ClCompile Include="EnginePixelShader.cpp">
      <Filter>Resources\Shader</Filter>
    </ClCompile>
    <ClCompile Include="EngineShader.cpp">
      <Filter>Resources\Shader</Filter>
    </ClCompile>
    <ClCompile Include="EngineVertexShader.cpp">
      <Filter>Resources\Shader</Filter>
    </ClCompile>
    <ClCompile Include="DirectXHelper.cpp">
      <Filter>Device</Filter>
    </ClCompile>
    <ClCompile Include="EngineInputLayOut.cpp">
      <Filter>Resources\Mesh</Filter>
    </ClCompile>
    <ClCompile Include="EngineVertex.cpp">
      <Filter>Resources\Mesh</Filter>
    </ClCompile>
    <ClCompile Include="EngineBlend.cpp">
      <Filter>Resources\RenderingSetting</Filter>
    </ClCompile>
    <ClCompile Include="EngineSampler.cpp">
      <Filter>Resources\Texture</Filter>
    </ClCompile>
    <ClCompile Include="EngineSprite.cpp">
      <Filter>Resources\Texture</Filter>
    </ClCompile>
    <ClCompile Include="EngineConstantBuffer.cpp">
      <Filter>Resources\ShaderResources</Filter>
    </ClCompile>
    <ClCompile Include="EngineShaderResources.cpp">
      <Filter>Resources\ShaderResources</Filter>
    </ClCompile>
    <ClCompile Include="StateManager.cpp">
      <Filter>Contents</Filter>
    </ClCompile>
    <ClCompile Include="EngineEditorGUI.cpp">
      <Filter>Editor</Filter>
    </ClCompile>
    <ClCompile Include="EngineEditorWindow.cpp">
      <Filter>Editor</Filter>
    </ClCompile>
    <ClCompile Include="EngineDebugMsgWindow.cpp">
      <Filter>Editor\Contents</Filter>
    </ClCompile>
    <ClCompile Include="imgui.cpp">
      <Filter>Editor\Imgui</Filter>
    </ClCompile>
    <ClCompile Include="imgui_demo.cpp">
      <Filter>Editor\Imgui</Filter>
    </ClCompile>
    <ClCompile Include="imgui_draw.cpp">
      <Filter>Editor\Imgui</Filter>
    </ClCompile>
    <ClCompile Include="imgui_impl_dx11.cpp">
      <Filter>Editor\Imgui</Filter>
    </ClCompile>
    <ClCompile Include="imgui_impl_win32.cpp">
      <Filter>Editor\Imgui</Filter>
    </ClCompile>
    <ClCompile Include="imgui_tables.cpp">
      <Filter>Editor\Imgui</Filter>
    </ClCompile>
    <ClCompile Include="imgui_widgets.cpp">
      <Filter>Editor\Imgui</Filter>
    </ClCompile>
    <ClCompile Include="Renderer.cpp">
      <Filter>Object\Component\Rendering</Filter>
    </ClCompile>
    <ClCompile Include="Collision.cpp">
      <Filter>Object\Component\Collision</Filter>
    </ClCompile>
    <ClCompile Include="EngineStruct.cpp">
      <Filter>Core</Filter>
    </ClCompile>
    <ClCompile Include="EngineDebug3D.cpp">
      <Filter>Debug</Filter>
    </ClCompile>
    <ClCompile Include="SpriteRenderer.cpp">
      <Filter>Object\Component\Rendering\Contents</Filter>
    </ClCompile>
    <ClCompile Include="TileRenderer.cpp">
      <Filter>Object\Component\Rendering\Contents</Filter>
    </ClCompile>
    <ClCompile Include="RenderUnit.cpp">
      <Filter>Object\Component\Rendering</Filter>
    </ClCompile>
    <ClCompile Include="Image.cpp">
      <Filter>Object\UI\Contents</Filter>
    </ClCompile>
    <ClCompile Include="Widget.cpp">
      <Filter>Object\UI</Filter>
    </ClCompile>
    <ClCompile Include="BlurEffect.cpp">
      <Filter>Object\Rendering\Contents</Filter>
    </ClCompile>
    <ClCompile Include="EngineStructuredBuffer.cpp">
      <Filter>Resources\ShaderResources</Filter>
    </ClCompile>
    <ClCompile Include="InstancingRender.cpp">
      <Filter>Object\Component\Rendering</Filter>
    </ClCompile>
    <ClCompile Include="SpriteInstancingRender.cpp">
      <Filter>Object\Component\Rendering\Contents</Filter>
    </ClCompile>
    <ClCompile Include="TextWidget.cpp">
      <Filter>Object\UI\Contents</Filter>
    </ClCompile>
    <ClCompile Include="EngineFont.cpp">
      <Filter>Resources\Font</Filter>
    </ClCompile>
    <ClCompile Include="EngineNetWindow.cpp">
      <Filter>Editor\Contents</Filter>
    </ClCompile>
  </ItemGroup>
  <ItemGroup>
    <ClInclude Include="EngineCore.h">
      <Filter>Core</Filter>
    </ClInclude>
    <ClInclude Include="EngineOption.h">
      <Filter>Core</Filter>
    </ClInclude>
    <ClInclude Include="EngineGraphicDevice.h">
      <Filter>Device</Filter>
    </ClInclude>
    <ClInclude Include="EngineRenderTarget.h">
      <Filter>Resources\Texture</Filter>
    </ClInclude>
    <ClInclude Include="EngineTexture.h">
      <Filter>Resources\Texture</Filter>
    </ClInclude>
    <ClInclude Include="GameMode.h">
      <Filter>Object\Actor\GameMode</Filter>
    </ClInclude>
    <ClInclude Include="Actor.h">
      <Filter>Object\Actor</Filter>
    </ClInclude>
    <ClInclude Include="ActorComponent.h">
      <Filter>Object\Component</Filter>
    </ClInclude>
    <ClInclude Include="SceneComponent.h">
      <Filter>Object\Component</Filter>
    </ClInclude>
    <ClInclude Include="Level.h">
      <Filter>Object</Filter>
    </ClInclude>
    <ClInclude Include="TickObject.h">
      <Filter>Object</Filter>
    </ClInclude>
    <ClInclude Include="PreCompile.h">
      <Filter>PreCompile</Filter>
    </ClInclude>
    <ClInclude Include="Camera.h">
      <Filter>Object\Rendering</Filter>
    </ClInclude>
    <ClInclude Include="WorldObject.h">
      <Filter>Object</Filter>
    </ClInclude>
    <ClInclude Include="DefaultSceneComponent.h">
      <Filter>Object\EngineContent</Filter>
    </ClInclude>
    <ClInclude Include="EngineBuffer.h">
      <Filter>Resources\Mesh</Filter>
    </ClInclude>
    <ClInclude Include="EngineIndexBuffer.h">
      <Filter>Resources\Mesh</Filter>
    </ClInclude>
    <ClInclude Include="EngineMesh.h">
      <Filter>Resources\Mesh</Filter>
    </ClInclude>
    <ClInclude Include="EngineVertex.h">
      <Filter>Resources\Mesh</Filter>
    </ClInclude>
    <ClInclude Include="EngineVertexBuffer.h">
      <Filter>Resources\Mesh</Filter>
    </ClInclude>
    <ClInclude Include="EngineMaterial.h">
      <Filter>Resources\RenderingSetting</Filter>
    </ClInclude>
    <ClInclude Include="EngineRasterizer.h">
      <Filter>Resources\RenderingSetting</Filter>
    </ClInclude>
    <ClInclude Include="EnginePixelShader.h">
      <Filter>Resources\Shader</Filter>
    </ClInclude>
    <ClInclude Include="EngineShader.h">
      <Filter>Resources\Shader</Filter>
    </ClInclude>
    <ClInclude Include="EngineVertexShader.h">
      <Filter>Resources\Shader</Filter>
    </ClInclude>
    <ClInclude Include="DirectXHelper.h">
      <Filter>Device</Filter>
    </ClInclude>
    <ClInclude Include="EngineInputLayOut.h">
      <Filter>Resources\Mesh</Filter>
    </ClInclude>
    <ClInclude Include="EngineEnums.h">
      <Filter>Core</Filter>
    </ClInclude>
    <ClInclude Include="EngineBlend.h">
      <Filter>Resources\RenderingSetting</Filter>
    </ClInclude>
    <ClInclude Include="EngineSampler.h">
      <Filter>Resources\Texture</Filter>
    </ClInclude>
    <ClInclude Include="EngineSprite.h">
      <Filter>Resources\Texture</Filter>
    </ClInclude>
    <ClInclude Include="EngineConstantBuffer.h">
      <Filter>Resources\ShaderResources</Filter>
    </ClInclude>
    <ClInclude Include="EngineShaderResources.h">
      <Filter>Resources\ShaderResources</Filter>
    </ClInclude>
    <ClInclude Include="ThirdParty\DirectxTex\inc\DirectXTex.h">
      <Filter>ThirdParty\DirectXTex\Inc</Filter>
    </ClInclude>
    <ClInclude Include="StateManager.h">
      <Filter>Contents</Filter>
    </ClInclude>
    <ClInclude Include="EngineDefines.h">
      <Filter>Core</Filter>
    </ClInclude>
    <ClInclude Include="EngineEditorGUI.h">
      <Filter>Editor</Filter>
    </ClInclude>
    <ClInclude Include="EngineEditorWindow.h">
      <Filter>Editor</Filter>
    </ClInclude>
    <ClInclude Include="EngineDebugMsgWindow.h">
      <Filter>Editor\Contents</Filter>
    </ClInclude>
    <ClInclude Include="imconfig.h">
      <Filter>Editor\Imgui</Filter>
    </ClInclude>
    <ClInclude Include="imgui.h">
      <Filter>Editor\Imgui</Filter>
    </ClInclude>
    <ClInclude Include="imgui_impl_dx11.h">
      <Filter>Editor\Imgui</Filter>
    </ClInclude>
    <ClInclude Include="imgui_impl_win32.h">
      <Filter>Editor\Imgui</Filter>
    </ClInclude>
    <ClInclude Include="imgui_internal.h">
      <Filter>Editor\Imgui</Filter>
    </ClInclude>
    <ClInclude Include="imstb_rectpack.h">
      <Filter>Editor\Imgui</Filter>
    </ClInclude>
    <ClInclude Include="imstb_textedit.h">
      <Filter>Editor\Imgui</Filter>
    </ClInclude>
    <ClInclude Include="imstb_truetype.h">
      <Filter>Editor\Imgui</Filter>
    </ClInclude>
    <ClInclude Include="Renderer.h">
      <Filter>Object\Component\Rendering</Filter>
    </ClInclude>
    <ClInclude Include="Collision.h">
      <Filter>Object\Component\Collision</Filter>
    </ClInclude>
    <ClInclude Include="EngineStruct.h">
      <Filter>Core</Filter>
    </ClInclude>
    <ClInclude Include="EngineDebug3D.h">
      <Filter>Debug</Filter>
    </ClInclude>
    <ClInclude Include="SpriteRenderer.h">
      <Filter>Object\Component\Rendering\Contents</Filter>
    </ClInclude>
    <ClInclude Include="TileRenderer.h">
      <Filter>Object\Component\Rendering\Contents</Filter>
    </ClInclude>
    <ClInclude Include="RenderUnit.h">
      <Filter>Object\Component\Rendering</Filter>
    </ClInclude>
    <ClInclude Include="Image.h">
      <Filter>Object\UI\Contents</Filter>
    </ClInclude>
    <ClInclude Include="Widget.h">
      <Filter>Object\UI</Filter>
    </ClInclude>
    <ClInclude Include="BlurEffect.h">
      <Filter>Object\Rendering\Contents</Filter>
    </ClInclude>
    <ClInclude Include="EngineStructuredBuffer.h">
      <Filter>Resources\ShaderResources</Filter>
    </ClInclude>
    <ClInclude Include="InstancingRender.h">
      <Filter>Object\Component\Rendering</Filter>
    </ClInclude>
    <ClInclude Include="SpriteInstancingRender.h">
      <Filter>Object\Component\Rendering\Contents</Filter>
    </ClInclude>
    <ClInclude Include="ThirdParty\FW1FontWrapper\inc\FW1FontWrapper.h">
      <Filter>ThirdParty\FW1FontWrapper\Inc</Filter>
    </ClInclude>
    <ClInclude Include="TextWidget.h">
      <Filter>Object\UI\Contents</Filter>
    </ClInclude>
    <ClInclude Include="EngineFont.h">
      <Filter>Resources\Font</Filter>
    </ClInclude>
    <ClInclude Include="EngineNetWindow.h">
      <Filter>Editor\Contents</Filter>
    </ClInclude>
  </ItemGroup>
  <ItemGroup>
    <None Include="ThirdParty\DirectxTex\Debug\DirectXTex.pdb">
      <Filter>ThirdParty\DirectXTex\Debug</Filter>
    </None>
    <None Include="ThirdParty\DirectxTex\Release\DirectXTex.pdb">
      <Filter>ThirdParty\DirectXTex\Release</Filter>
    </None>
  </ItemGroup>
  <ItemGroup>
    <CopyFileToFolders Include="ThirdParty\DirectxTex\Debug\DirectXTex.lib">
      <Filter>ThirdParty\DirectXTex\Debug</Filter>
    </CopyFileToFolders>
    <CopyFileToFolders Include="ThirdParty\DirectxTex\Release\DirectXTex.lib">
      <Filter>ThirdParty\DirectXTex\Release</Filter>
    </CopyFileToFolders>
    <CopyFileToFolders Include="ThirdParty\FW1FontWrapper\Release\FW1FontWrapper.dll">
      <Filter>ThirdParty\FW1FontWrapper\Release</Filter>
    </CopyFileToFolders>
    <CopyFileToFolders Include="ThirdParty\FW1FontWrapper\Release\FW1FontWrapper.lib">
      <Filter>ThirdParty\FW1FontWrapper\Release</Filter>
    </CopyFileToFolders>
    <CopyFileToFolders Include="ThirdParty\FW1FontWrapper\Release\FW1FontWrapper.pdb">
      <Filter>ThirdParty\FW1FontWrapper\Release</Filter>
    </CopyFileToFolders>
  </ItemGroup>
</Project>