<?xml version="1.0" encoding="utf-8"?>
<Project ToolsVersion="4.0" xmlns="http://schemas.microsoft.com/developer/msbuild/2003">
  <ItemGroup>
    <Filter Include="2D">
      <UniqueIdentifier>{42228c44-1a92-4109-a4ce-c1c44b726dfa}</UniqueIdentifier>
    </Filter>
    <Filter Include="Header">
      <UniqueIdentifier>{0d725bbc-ed25-4247-8a78-8d175b43ac28}</UniqueIdentifier>
    </Filter>
    <Filter Include="Debug">
      <UniqueIdentifier>{5c75e500-2a3d-462b-8ce1-b43709d0be67}</UniqueIdentifier>
    </Filter>
    <Filter Include="Effect">
      <UniqueIdentifier>{45d255b3-65c0-4ba7-9868-897c7ef5455f}</UniqueIdentifier>
    </Filter>
    <Filter Include="Target">
      <UniqueIdentifier>{65c6206f-80fa-4ada-8b77-3f11161db104}</UniqueIdentifier>
    </Filter>
  </ItemGroup>
  <ItemGroup>
    <None Include="EngineShaderBase.hlsli">
      <Filter>Header</Filter>
    </None>
    <None Include="EngineTexture.hlsli">
      <Filter>Header</Filter>
    </None>
    <None Include="TransformData.hlsli">
      <Filter>Header</Filter>
    </None>
    <None Include="EngineVertex.hlsli">
      <Filter>Header</Filter>
    </None>
  </ItemGroup>
  <ItemGroup>
    <FxCompile Include="ImageShader.fx">
      <Filter>2D</Filter>
    </FxCompile>
    <FxCompile Include="ColorShader.fx">
      <Filter>2D</Filter>
    </FxCompile>
    <FxCompile Include="DebugShader.fx">
      <Filter>Debug</Filter>
    </FxCompile>
    <FxCompile Include="BlurEffectShader.fx">
      <Filter>Effect</Filter>
    </FxCompile>
    <FxCompile Include="TargetCopyShader.fx">
      <Filter>Target</Filter>
    </FxCompile>
  </ItemGroup>
</Project>