<?xml version="1.0" encoding="utf-8"?>
<Project ToolsVersion="4.0" xmlns="http://schemas.microsoft.com/developer/msbuild/2003">
  <ItemGroup>
    <ClCompile Include="PreCompile.cpp">
      <Filter>PreCompile</Filter>
    </ClCompile>
    <ClCompile Include="HoloCureCore.cpp">
      <Filter>Core</Filter>
    </ClCompile>
    <ClCompile Include="BackGround.cpp">
      <Filter>Actor</Filter>
    </ClCompile>
    <ClCompile Include="TitleGameMode.cpp">
      <Filter>Level\TitleLevel</Filter>
    </ClCompile>
    <ClCompile Include="PlayGameMode.cpp">
      <Filter>Level\PlayLevel</Filter>
    </ClCompile>
    <ClCompile Include="ContentsValue.cpp">
      <Filter>Global</Filter>
    </ClCompile>
    <ClCompile Include="Player.cpp">
      <Filter>Level\PlayLevel\Player</Filter>
    </ClCompile>
    <ClCompile Include="Player_State.cpp">
      <Filter>Level\PlayLevel\Player</Filter>
    </ClCompile>
    <ClCompile Include="PlayBackGround.cpp">
      <Filter>Level\PlayLevel</Filter>
    </ClCompile>
    <ClCompile Include="Monster.cpp">
      <Filter>Level\PlayLevel\Monster</Filter>
    </ClCompile>
    <ClCompile Include="Weapon.cpp">
      <Filter>Level\PlayLevel\Equipment</Filter>
    </ClCompile>
    <ClCompile Include="HoloCursor.cpp">
      <Filter>Actor</Filter>
    </ClCompile>
    <ClCompile Include="Melee.cpp">
      <Filter>Level\PlayLevel\Equipment</Filter>
    </ClCompile>
    <ClCompile Include="Ranged.cpp">
      <Filter>Level\PlayLevel\Equipment</Filter>
    </ClCompile>
    <ClCompile Include="MultiShot.cpp">
      <Filter>Level\PlayLevel\Equipment</Filter>
    </ClCompile>
    <ClCompile Include="TitleLogo.cpp">
      <Filter>Level\TitleLevel\Actor</Filter>
    </ClCompile>
    <ClCompile Include="TitleBackGround.cpp">
      <Filter>Level\TitleLevel\Actor</Filter>
    </ClCompile>
  </ItemGroup>
  <ItemGroup>
    <ClInclude Include="PreCompile.h">
      <Filter>PreCompile</Filter>
    </ClInclude>
    <ClInclude Include="HoloCureCore.h">
      <Filter>Core</Filter>
    </ClInclude>
    <ClInclude Include="BackGround.h">
      <Filter>Actor</Filter>
    </ClInclude>
    <ClInclude Include="TitleGameMode.h">
      <Filter>Level\TitleLevel</Filter>
    </ClInclude>
    <ClInclude Include="PlayGameMode.h">
      <Filter>Level\PlayLevel</Filter>
    </ClInclude>
    <ClInclude Include="ContentsEnum.h">
      <Filter>Global</Filter>
    </ClInclude>
    <ClInclude Include="ContentsValue.h">
      <Filter>Global</Filter>
    </ClInclude>
    <ClInclude Include="Player.h">
      <Filter>Level\PlayLevel\Player</Filter>
    </ClInclude>
    <ClInclude Include="PlayBackGround.h">
      <Filter>Level\PlayLevel</Filter>
    </ClInclude>
    <ClInclude Include="Monster.h">
      <Filter>Level\PlayLevel\Monster</Filter>
    </ClInclude>
    <ClInclude Include="Weapon.h">
      <Filter>Level\PlayLevel\Equipment</Filter>
    </ClInclude>
    <ClInclude Include="HoloCursor.h">
      <Filter>Actor</Filter>
    </ClInclude>
    <ClInclude Include="Melee.h">
      <Filter>Level\PlayLevel\Equipment</Filter>
    </ClInclude>
    <ClInclude Include="Ranged.h">
      <Filter>Level\PlayLevel\Equipment</Filter>
    </ClInclude>
    <ClInclude Include="MultiShot.h">
      <Filter>Level\PlayLevel\Equipment</Filter>
    </ClInclude>
    <ClInclude Include="TitleLogo.h">
      <Filter>Level\TitleLevel\Actor</Filter>
    </ClInclude>
    <ClInclude Include="TitleBackGround.h">
      <Filter>Level\TitleLevel\Actor</Filter>
    </ClInclude>
  </ItemGroup>
  <ItemGroup>
    <Filter Include="PreCompile">
      <UniqueIdentifier>{f091ac72-225b-4b59-9b32-112716a79ecd}</UniqueIdentifier>
    </Filter>
    <Filter Include="Core">
      <UniqueIdentifier>{3a0faea1-8377-41fb-b180-f3da85531ee7}</UniqueIdentifier>
    </Filter>
    <Filter Include="Level">
      <UniqueIdentifier>{a9f238a7-f2bd-49bf-9b2f-8f7c5a4114a4}</UniqueIdentifier>
    </Filter>
    <Filter Include="Level\PlayLevel">
      <UniqueIdentifier>{8eccd7cc-95c1-420e-9ed4-ec3db1e6515d}</UniqueIdentifier>
    </Filter>
    <Filter Include="Level\TitleLevel">
      <UniqueIdentifier>{ee7bda5c-afc3-49ea-b806-4f1e5d6ba4d5}</UniqueIdentifier>
    </Filter>
    <Filter Include="Actor">
      <UniqueIdentifier>{fd88dc8c-8311-4494-a29a-d99b587f8ee7}</UniqueIdentifier>
    </Filter>
    <Filter Include="Global">
      <UniqueIdentifier>{4dbe0f79-8413-440c-9a91-031851ebfa2a}</UniqueIdentifier>
    </Filter>
    <Filter Include="Level\PlayLevel\Equipment">
      <UniqueIdentifier>{54deb598-2160-441e-807b-e65f27714166}</UniqueIdentifier>
    </Filter>
    <Filter Include="Level\PlayLevel\Player">
      <UniqueIdentifier>{deca0dda-3d74-44c9-a42b-b3a2852408ba}</UniqueIdentifier>
    </Filter>
    <Filter Include="Level\PlayLevel\Monster">
      <UniqueIdentifier>{d32ab972-11dd-4503-acb9-c4518c2f433c}</UniqueIdentifier>
    </Filter>
    <Filter Include="Level\PlayLevel\Equipment\CharacterInherence">
      <UniqueIdentifier>{240af979-6a32-40fb-b699-7669ec2d4e6d}</UniqueIdentifier>
    </Filter>
    <Filter Include="Level\TitleLevel\Actor">
      <UniqueIdentifier>{fa849d48-1d6e-4472-8d58-e3918e6031da}</UniqueIdentifier>
    </Filter>
  </ItemGroup>
</Project>